
Microsoft Visual Studio Solution File, Format Version 12.00
Project("{2150E333-8FDC-42A3-9474-1A3956D46DE8}") = "Services", "Services", "{536F2353-D253-4E6C-B40F-E0F87623A055}"
EndProject
Project("{2150E333-8FDC-42A3-9474-1A3956D46DE8}") = "Catalog", "Catalog", "{AB785BCE-396A-4325-95DB-A42B2B9C04BB}"
EndProject
Project("{2150E333-8FDC-42A3-9474-1A3956D46DE8}") = "Solution Items", "Solution Items", "{58E5590C-4935-411B-9076-F1EA6675838B}"
	ProjectSection(SolutionItems) = preProject
		docker-compose.yml = docker-compose.yml
	EndProjectSection
EndProject
Project("{FAE04EC0-301F-11D3-BF4B-00C04F79EFBC}") = "Catalog.API", "Services\Catalog\Catalog.API\Catalog.API.csproj", "{4E0EBC6E-1013-412F-B32B-CE82A9C5C8B5}"
EndProject
Project("{FAE04EC0-301F-11D3-BF4B-00C04F79EFBC}") = "Catalog.Application", "Services\Catalog\Catalog.Application\Catalog.Application.csproj", "{1F7353FE-3BE4-4515-ACB4-2F4487CA9DB7}"
EndProject
Project("{FAE04EC0-301F-11D3-BF4B-00C04F79EFBC}") = "Catalog.Core", "Services\Catalog\Catalog.Core\Catalog.Core.csproj", "{7FE4A869-82D5-417A-B99B-EF66DCFFCA10}"
EndProject
Project("{FAE04EC0-301F-11D3-BF4B-00C04F79EFBC}") = "Catalog.Infrastructure", "Services\Catalog\Catalog.Infrastructure\Catalog.Infrastructure.csproj", "{E93D9DD1-52DB-4AD1-B75E-B5569681554D}"
EndProject
Project("{2150E333-8FDC-42A3-9474-1A3956D46DE8}") = "Basket", "Basket", "{2C79353D-5B83-4833-839F-C505AF7E6E4F}"
EndProject
Project("{FAE04EC0-301F-11D3-BF4B-00C04F79EFBC}") = "Basket.Application", "Services\Basket\Basket.Application\Basket.Application.csproj", "{AA0E59F4-010A-4CBE-B905-35CF3F9A73D0}"
EndProject
Project("{FAE04EC0-301F-11D3-BF4B-00C04F79EFBC}") = "Basket.Core", "Services\Basket\Basket.Core\Basket.Core.csproj", "{E94BADFE-6622-408B-ABC5-46365F6657A9}"
EndProject
Project("{FAE04EC0-301F-11D3-BF4B-00C04F79EFBC}") = "Basket.Infrastructure", "Services\Basket\Basket.Infrastructure\Basket.Infrastructure.csproj", "{3330A879-1043-462F-A269-FB9815774347}"
EndProject
Project("{FAE04EC0-301F-11D3-BF4B-00C04F79EFBC}") = "Basket.API", "Services\Basket\Basket.API\Basket.API.csproj", "{A37A6863-12A3-4B0C-8D02-2D4DB1C63FFA}"
EndProject
Project("{2150E333-8FDC-42A3-9474-1A3956D46DE8}") = "Discount", "Discount", "{DD9DCF85-15D3-4293-BC43-52B31FDAF4AA}"
EndProject
Project("{FAE04EC0-301F-11D3-BF4B-00C04F79EFBC}") = "Discount.API", "Services\Discount\Discount.API\Discount.API.csproj", "{09CCBC40-3211-4090-9872-8CF4DEBB7AAA}"
EndProject
Project("{FAE04EC0-301F-11D3-BF4B-00C04F79EFBC}") = "Discount.Core", "Services\Discount\Discount.Core\Discount.Core.csproj", "{2535749A-544D-4F72-BCC1-D8D89D16C673}"
EndProject
Project("{FAE04EC0-301F-11D3-BF4B-00C04F79EFBC}") = "Discount.Application", "Services\Discount\Discount.Application\Discount.Application.csproj", "{D9133412-3398-43B1-9513-63B4C4C210B6}"
EndProject
Project("{FAE04EC0-301F-11D3-BF4B-00C04F79EFBC}") = "Discount.Infrastructure", "Services\Discount\Discount.Infrastructure\Discount.Infrastructure.csproj", "{B42DC4CA-E6E8-41A3-8631-A3FE69AB21AB}"
EndProject
Global
	GlobalSection(SolutionConfigurationPlatforms) = preSolution
		Debug|Any CPU = Debug|Any CPU
		Release|Any CPU = Release|Any CPU
	EndGlobalSection
	GlobalSection(NestedProjects) = preSolution
		{AB785BCE-396A-4325-95DB-A42B2B9C04BB} = {536F2353-D253-4E6C-B40F-E0F87623A055}
		{4E0EBC6E-1013-412F-B32B-CE82A9C5C8B5} = {AB785BCE-396A-4325-95DB-A42B2B9C04BB}
		{1F7353FE-3BE4-4515-ACB4-2F4487CA9DB7} = {AB785BCE-396A-4325-95DB-A42B2B9C04BB}
		{7FE4A869-82D5-417A-B99B-EF66DCFFCA10} = {AB785BCE-396A-4325-95DB-A42B2B9C04BB}
		{E93D9DD1-52DB-4AD1-B75E-B5569681554D} = {AB785BCE-396A-4325-95DB-A42B2B9C04BB}
		{2C79353D-5B83-4833-839F-C505AF7E6E4F} = {536F2353-D253-4E6C-B40F-E0F87623A055}
		{AA0E59F4-010A-4CBE-B905-35CF3F9A73D0} = {2C79353D-5B83-4833-839F-C505AF7E6E4F}
		{E94BADFE-6622-408B-ABC5-46365F6657A9} = {2C79353D-5B83-4833-839F-C505AF7E6E4F}
		{3330A879-1043-462F-A269-FB9815774347} = {2C79353D-5B83-4833-839F-C505AF7E6E4F}
		{A37A6863-12A3-4B0C-8D02-2D4DB1C63FFA} = {2C79353D-5B83-4833-839F-C505AF7E6E4F}
		{DD9DCF85-15D3-4293-BC43-52B31FDAF4AA} = {536F2353-D253-4E6C-B40F-E0F87623A055}
		{09CCBC40-3211-4090-9872-8CF4DEBB7AAA} = {DD9DCF85-15D3-4293-BC43-52B31FDAF4AA}
		{2535749A-544D-4F72-BCC1-D8D89D16C673} = {DD9DCF85-15D3-4293-BC43-52B31FDAF4AA}
		{D9133412-3398-43B1-9513-63B4C4C210B6} = {DD9DCF85-15D3-4293-BC43-52B31FDAF4AA}
		{B42DC4CA-E6E8-41A3-8631-A3FE69AB21AB} = {DD9DCF85-15D3-4293-BC43-52B31FDAF4AA}
	EndGlobalSection
	GlobalSection(ProjectConfigurationPlatforms) = postSolution
		{4E0EBC6E-1013-412F-B32B-CE82A9C5C8B5}.Debug|Any CPU.ActiveCfg = Debug|Any CPU
		{4E0EBC6E-1013-412F-B32B-CE82A9C5C8B5}.Debug|Any CPU.Build.0 = Debug|Any CPU
		{4E0EBC6E-1013-412F-B32B-CE82A9C5C8B5}.Release|Any CPU.ActiveCfg = Release|Any CPU
		{4E0EBC6E-1013-412F-B32B-CE82A9C5C8B5}.Release|Any CPU.Build.0 = Release|Any CPU
		{1F7353FE-3BE4-4515-ACB4-2F4487CA9DB7}.Debug|Any CPU.ActiveCfg = Debug|Any CPU
		{1F7353FE-3BE4-4515-ACB4-2F4487CA9DB7}.Debug|Any CPU.Build.0 = Debug|Any CPU
		{1F7353FE-3BE4-4515-ACB4-2F4487CA9DB7}.Release|Any CPU.ActiveCfg = Release|Any CPU
		{1F7353FE-3BE4-4515-ACB4-2F4487CA9DB7}.Release|Any CPU.Build.0 = Release|Any CPU
		{7FE4A869-82D5-417A-B99B-EF66DCFFCA10}.Debug|Any CPU.ActiveCfg = Debug|Any CPU
		{7FE4A869-82D5-417A-B99B-EF66DCFFCA10}.Debug|Any CPU.Build.0 = Debug|Any CPU
		{7FE4A869-82D5-417A-B99B-EF66DCFFCA10}.Release|Any CPU.ActiveCfg = Release|Any CPU
		{7FE4A869-82D5-417A-B99B-EF66DCFFCA10}.Release|Any CPU.Build.0 = Release|Any CPU
		{E93D9DD1-52DB-4AD1-B75E-B5569681554D}.Debug|Any CPU.ActiveCfg = Debug|Any CPU
		{E93D9DD1-52DB-4AD1-B75E-B5569681554D}.Debug|Any CPU.Build.0 = Debug|Any CPU
		{E93D9DD1-52DB-4AD1-B75E-B5569681554D}.Release|Any CPU.ActiveCfg = Release|Any CPU
		{E93D9DD1-52DB-4AD1-B75E-B5569681554D}.Release|Any CPU.Build.0 = Release|Any CPU
		{AA0E59F4-010A-4CBE-B905-35CF3F9A73D0}.Debug|Any CPU.ActiveCfg = Debug|Any CPU
		{AA0E59F4-010A-4CBE-B905-35CF3F9A73D0}.Debug|Any CPU.Build.0 = Debug|Any CPU
		{AA0E59F4-010A-4CBE-B905-35CF3F9A73D0}.Release|Any CPU.ActiveCfg = Release|Any CPU
		{AA0E59F4-010A-4CBE-B905-35CF3F9A73D0}.Release|Any CPU.Build.0 = Release|Any CPU
		{E94BADFE-6622-408B-ABC5-46365F6657A9}.Debug|Any CPU.ActiveCfg = Debug|Any CPU
		{E94BADFE-6622-408B-ABC5-46365F6657A9}.Debug|Any CPU.Build.0 = Debug|Any CPU
		{E94BADFE-6622-408B-ABC5-46365F6657A9}.Release|Any CPU.ActiveCfg = Release|Any CPU
		{E94BADFE-6622-408B-ABC5-46365F6657A9}.Release|Any CPU.Build.0 = Release|Any CPU
		{3330A879-1043-462F-A269-FB9815774347}.Debug|Any CPU.ActiveCfg = Debug|Any CPU
		{3330A879-1043-462F-A269-FB9815774347}.Debug|Any CPU.Build.0 = Debug|Any CPU
		{3330A879-1043-462F-A269-FB9815774347}.Release|Any CPU.ActiveCfg = Release|Any CPU
		{3330A879-1043-462F-A269-FB9815774347}.Release|Any CPU.Build.0 = Release|Any CPU
		{A37A6863-12A3-4B0C-8D02-2D4DB1C63FFA}.Debug|Any CPU.ActiveCfg = Debug|Any CPU
		{A37A6863-12A3-4B0C-8D02-2D4DB1C63FFA}.Debug|Any CPU.Build.0 = Debug|Any CPU
		{A37A6863-12A3-4B0C-8D02-2D4DB1C63FFA}.Release|Any CPU.ActiveCfg = Release|Any CPU
		{A37A6863-12A3-4B0C-8D02-2D4DB1C63FFA}.Release|Any CPU.Build.0 = Release|Any CPU
		{09CCBC40-3211-4090-9872-8CF4DEBB7AAA}.Debug|Any CPU.ActiveCfg = Debug|Any CPU
		{09CCBC40-3211-4090-9872-8CF4DEBB7AAA}.Debug|Any CPU.Build.0 = Debug|Any CPU
		{09CCBC40-3211-4090-9872-8CF4DEBB7AAA}.Release|Any CPU.ActiveCfg = Release|Any CPU
		{09CCBC40-3211-4090-9872-8CF4DEBB7AAA}.Release|Any CPU.Build.0 = Release|Any CPU
		{2535749A-544D-4F72-BCC1-D8D89D16C673}.Debug|Any CPU.ActiveCfg = Debug|Any CPU
		{2535749A-544D-4F72-BCC1-D8D89D16C673}.Debug|Any CPU.Build.0 = Debug|Any CPU
		{2535749A-544D-4F72-BCC1-D8D89D16C673}.Release|Any CPU.ActiveCfg = Release|Any CPU
		{2535749A-544D-4F72-BCC1-D8D89D16C673}.Release|Any CPU.Build.0 = Release|Any CPU
		{D9133412-3398-43B1-9513-63B4C4C210B6}.Debug|Any CPU.ActiveCfg = Debug|Any CPU
		{D9133412-3398-43B1-9513-63B4C4C210B6}.Debug|Any CPU.Build.0 = Debug|Any CPU
		{D9133412-3398-43B1-9513-63B4C4C210B6}.Release|Any CPU.ActiveCfg = Release|Any CPU
		{D9133412-3398-43B1-9513-63B4C4C210B6}.Release|Any CPU.Build.0 = Release|Any CPU
		{B42DC4CA-E6E8-41A3-8631-A3FE69AB21AB}.Debug|Any CPU.ActiveCfg = Debug|Any CPU
		{B42DC4CA-E6E8-41A3-8631-A3FE69AB21AB}.Debug|Any CPU.Build.0 = Debug|Any CPU
		{B42DC4CA-E6E8-41A3-8631-A3FE69AB21AB}.Release|Any CPU.ActiveCfg = Release|Any CPU
		{B42DC4CA-E6E8-41A3-8631-A3FE69AB21AB}.Release|Any CPU.Build.0 = Release|Any CPU
	EndGlobalSection
EndGlobal
